
Microsoft Visual Studio Solution File, Format Version 12.00
# Visual Studio Version 16
VisualStudioVersion = 16.0.29806.167
MinimumVisualStudioVersion = 10.0.40219.1
Project("{9A19103F-16F7-4668-BE54-9A1E7A4F7556}") = "ShopEngine", "ShopEngine\ShopEngine.csproj", "{024C4322-E24E-4793-8265-D61D245CD69E}"
EndProject
Project("{FAE04EC0-301F-11D3-BF4B-00C04F79EFBC}") = "ShopEngine.Tests", "ShopEngine.Tests\ShopEngine.Tests.csproj", "{2E73AF81-1424-4B33-B2BA-89B7BB12D1F8}"
EndProject
Global
	GlobalSection(SolutionConfigurationPlatforms) = preSolution
		Debug|Any CPU = Debug|Any CPU
		Release|Any CPU = Release|Any CPU
	EndGlobalSection
	GlobalSection(ProjectConfigurationPlatforms) = postSolution
		{024C4322-E24E-4793-8265-D61D245CD69E}.Debug|Any CPU.ActiveCfg = Debug|Any CPU
		{024C4322-E24E-4793-8265-D61D245CD69E}.Debug|Any CPU.Build.0 = Debug|Any CPU
		{024C4322-E24E-4793-8265-D61D245CD69E}.Release|Any CPU.ActiveCfg = Release|Any CPU
		{024C4322-E24E-4793-8265-D61D245CD69E}.Release|Any CPU.Build.0 = Release|Any CPU
		{2E73AF81-1424-4B33-B2BA-89B7BB12D1F8}.Debug|Any CPU.ActiveCfg = Debug|Any CPU
		{2E73AF81-1424-4B33-B2BA-89B7BB12D1F8}.Debug|Any CPU.Build.0 = Debug|Any CPU
		{2E73AF81-1424-4B33-B2BA-89B7BB12D1F8}.Release|Any CPU.ActiveCfg = Release|Any CPU
		{2E73AF81-1424-4B33-B2BA-89B7BB12D1F8}.Release|Any CPU.Build.0 = Release|Any CPU
	EndGlobalSection
	GlobalSection(SolutionProperties) = preSolution
		HideSolutionNode = FALSE
	EndGlobalSection
	GlobalSection(ExtensibilityGlobals) = postSolution
		SolutionGuid = {E1F1E39C-C014-40FA-A287-1F7BA272736D}
	EndGlobalSection
EndGlobal
